
Microsoft Visual Studio Solution File, Format Version 12.00
# Visual Studio Version 17
VisualStudioVersion = 17.8.34330.188
MinimumVisualStudioVersion = 10.0.40219.1
Project("{FAE04EC0-301F-11D3-BF4B-00C04F79EFBC}") = "Dumitrache_Dan_Lab2", "Dumitrache_Dan_Lab2.csproj", "{ACA6E228-C894-43E5-BEAF-131B0A35CA59}"
EndProject
Global
	GlobalSection(SolutionConfigurationPlatforms) = preSolution
		Debug|Any CPU = Debug|Any CPU
		Release|Any CPU = Release|Any CPU
	EndGlobalSection
	GlobalSection(ProjectConfigurationPlatforms) = postSolution
		{ACA6E228-C894-43E5-BEAF-131B0A35CA59}.Debug|Any CPU.ActiveCfg = Debug|Any CPU
		{ACA6E228-C894-43E5-BEAF-131B0A35CA59}.Debug|Any CPU.Build.0 = Debug|Any CPU
		{ACA6E228-C894-43E5-BEAF-131B0A35CA59}.Release|Any CPU.ActiveCfg = Release|Any CPU
		{ACA6E228-C894-43E5-BEAF-131B0A35CA59}.Release|Any CPU.Build.0 = Release|Any CPU
	EndGlobalSection
	GlobalSection(SolutionProperties) = preSolution
		HideSolutionNode = FALSE
	EndGlobalSection
	GlobalSection(ExtensibilityGlobals) = postSolution
		SolutionGuid = {449D39D6-0911-4AB7-96E6-8A887D97F0C9}
	EndGlobalSection
EndGlobal
